// !$*UTF8*$!
{
	archiveVersion = 1;
	classes = {
	};
	objectVersion = 55;
	objects = {

/* Begin PBXBuildFile section */
		5A355180274F727600E976AC /* LoginPatientVC.swift in Sources */ = {isa = PBXBuildFile; fileRef = 5A35517F274F727600E976AC /* LoginPatientVC.swift */; };
		5A355182274F732900E976AC /* LoginPharmacyVC.swift in Sources */ = {isa = PBXBuildFile; fileRef = 5A355181274F732900E976AC /* LoginPharmacyVC.swift */; };
		5A355188274F942200E976AC /* ShowOrderVC.swift in Sources */ = {isa = PBXBuildFile; fileRef = 5A355187274F942200E976AC /* ShowOrderVC.swift */; };
		5AD510F2274B76E900E990DC /* MedicineVC.swift in Sources */ = {isa = PBXBuildFile; fileRef = 5AD510F1274B76E900E990DC /* MedicineVC.swift */; };
		5AD510F4274B8BE000E990DC /* SignUpPatientVC.swift in Sources */ = {isa = PBXBuildFile; fileRef = 5AD510F3274B8BE000E990DC /* SignUpPatientVC.swift */; };
		880D826C274A1E8700231AEB /* AppDelegate.swift in Sources */ = {isa = PBXBuildFile; fileRef = 880D826B274A1E8700231AEB /* AppDelegate.swift */; };
		880D826E274A1E8700231AEB /* SceneDelegate.swift in Sources */ = {isa = PBXBuildFile; fileRef = 880D826D274A1E8700231AEB /* SceneDelegate.swift */; };
		880D8270274A1E8700231AEB /* ViewController.swift in Sources */ = {isa = PBXBuildFile; fileRef = 880D826F274A1E8700231AEB /* ViewController.swift */; };
		880D8273274A1E8700231AEB /* Main.storyboard in Resources */ = {isa = PBXBuildFile; fileRef = 880D8271274A1E8700231AEB /* Main.storyboard */; };
		880D8276274A1E8700231AEB /* dawaay.xcdatamodeld in Sources */ = {isa = PBXBuildFile; fileRef = 880D8274274A1E8700231AEB /* dawaay.xcdatamodeld */; };
		880D8278274A1E8900231AEB /* Assets.xcassets in Resources */ = {isa = PBXBuildFile; fileRef = 880D8277274A1E8900231AEB /* Assets.xcassets */; };
		880D827B274A1E8900231AEB /* LaunchScreen.storyboard in Resources */ = {isa = PBXBuildFile; fileRef = 880D8279274A1E8900231AEB /* LaunchScreen.storyboard */; };
		881AC27B274FC8740044FBA2 /* PatientTable.swift in Sources */ = {isa = PBXBuildFile; fileRef = 881AC27A274FC8740044FBA2 /* PatientTable.swift */; };
		8821E61A27501EC4006B961B /* ShowOrderView.swift in Sources */ = {isa = PBXBuildFile; fileRef = 8821E61927501EC4006B961B /* ShowOrderView.swift */; };
		AC00E28E274AD4A0003630AF /* OrderDetailsCell.swift in Sources */ = {isa = PBXBuildFile; fileRef = AC00E28C274AD4A0003630AF /* OrderDetailsCell.swift */; };
		AC00E28F274AD4A0003630AF /* OrderDetailsCell.xib in Resources */ = {isa = PBXBuildFile; fileRef = AC00E28D274AD4A0003630AF /* OrderDetailsCell.xib */; };
/* End PBXBuildFile section */

/* Begin PBXFileReference section */
		5A35517F274F727600E976AC /* LoginPatientVC.swift */ = {isa = PBXFileReference; lastKnownFileType = sourcecode.swift; path = LoginPatientVC.swift; sourceTree = "<group>"; };
		5A355181274F732900E976AC /* LoginPharmacyVC.swift */ = {isa = PBXFileReference; lastKnownFileType = sourcecode.swift; path = LoginPharmacyVC.swift; sourceTree = "<group>"; };
		5A355187274F942200E976AC /* ShowOrderVC.swift */ = {isa = PBXFileReference; lastKnownFileType = sourcecode.swift; path = ShowOrderVC.swift; sourceTree = "<group>"; };
		5AD510F1274B76E900E990DC /* MedicineVC.swift */ = {isa = PBXFileReference; lastKnownFileType = sourcecode.swift; path = MedicineVC.swift; sourceTree = "<group>"; };
		5AD510F3274B8BE000E990DC /* SignUpPatientVC.swift */ = {isa = PBXFileReference; lastKnownFileType = sourcecode.swift; path = SignUpPatientVC.swift; sourceTree = "<group>"; };
		880D8268274A1E8700231AEB /* dawaay.app */ = {isa = PBXFileReference; explicitFileType = wrapper.application; includeInIndex = 0; path = dawaay.app; sourceTree = BUILT_PRODUCTS_DIR; };
		880D826B274A1E8700231AEB /* AppDelegate.swift */ = {isa = PBXFileReference; lastKnownFileType = sourcecode.swift; path = AppDelegate.swift; sourceTree = "<group>"; };
		880D826D274A1E8700231AEB /* SceneDelegate.swift */ = {isa = PBXFileReference; lastKnownFileType = sourcecode.swift; path = SceneDelegate.swift; sourceTree = "<group>"; };
		880D826F274A1E8700231AEB /* ViewController.swift */ = {isa = PBXFileReference; lastKnownFileType = sourcecode.swift; path = ViewController.swift; sourceTree = "<group>"; };
		880D8272274A1E8700231AEB /* Base */ = {isa = PBXFileReference; lastKnownFileType = file.storyboard; name = Base; path = Base.lproj/Main.storyboard; sourceTree = "<group>"; };
		880D8275274A1E8700231AEB /* dawaay.xcdatamodel */ = {isa = PBXFileReference; lastKnownFileType = wrapper.xcdatamodel; path = dawaay.xcdatamodel; sourceTree = "<group>"; };
		880D8277274A1E8900231AEB /* Assets.xcassets */ = {isa = PBXFileReference; lastKnownFileType = folder.assetcatalog; path = Assets.xcassets; sourceTree = "<group>"; };
		880D827A274A1E8900231AEB /* Base */ = {isa = PBXFileReference; lastKnownFileType = file.storyboard; name = Base; path = Base.lproj/LaunchScreen.storyboard; sourceTree = "<group>"; };
		880D827C274A1E8900231AEB /* Info.plist */ = {isa = PBXFileReference; lastKnownFileType = text.plist.xml; path = Info.plist; sourceTree = "<group>"; };
		881AC27A274FC8740044FBA2 /* PatientTable.swift */ = {isa = PBXFileReference; lastKnownFileType = sourcecode.swift; path = PatientTable.swift; sourceTree = "<group>"; };
		8821E61927501EC4006B961B /* ShowOrderView.swift */ = {isa = PBXFileReference; lastKnownFileType = sourcecode.swift; path = ShowOrderView.swift; sourceTree = "<group>"; };
		AC00E28C274AD4A0003630AF /* OrderDetailsCell.swift */ = {isa = PBXFileReference; lastKnownFileType = sourcecode.swift; path = OrderDetailsCell.swift; sourceTree = "<group>"; };
		AC00E28D274AD4A0003630AF /* OrderDetailsCell.xib */ = {isa = PBXFileReference; lastKnownFileType = file.xib; path = OrderDetailsCell.xib; sourceTree = "<group>"; };
/* End PBXFileReference section */

/* Begin PBXFrameworksBuildPhase section */
		880D8265274A1E8700231AEB /* Frameworks */ = {
			isa = PBXFrameworksBuildPhase;
			buildActionMask = 2147483647;
			files = (
			);
			runOnlyForDeploymentPostprocessing = 0;
		};
/* End PBXFrameworksBuildPhase section */

/* Begin PBXGroup section */
		880B3E9F27501BD700F66F1B /* New Group */ = {
			isa = PBXGroup;
			children = (
				881AC27A274FC8740044FBA2 /* PatientTable.swift */,
				8821E61927501EC4006B961B /* ShowOrderView.swift */,
			);
			path = "New Group";
			sourceTree = "<group>";
		};
		880D825F274A1E8700231AEB = {
			isa = PBXGroup;
			children = (
				880B3E9F27501BD700F66F1B /* New Group */,
				880D826A274A1E8700231AEB /* dawaay */,
				880D8269274A1E8700231AEB /* Products */,
			);
			sourceTree = "<group>";
		};
		880D8269274A1E8700231AEB /* Products */ = {
			isa = PBXGroup;
			children = (
				880D8268274A1E8700231AEB /* dawaay.app */,
			);
			name = Products;
			sourceTree = "<group>";
		};
		880D826A274A1E8700231AEB /* dawaay */ = {
			isa = PBXGroup;
			children = (
				5A355187274F942200E976AC /* ShowOrderVC.swift */,
				880D826B274A1E8700231AEB /* AppDelegate.swift */,
				880D826D274A1E8700231AEB /* SceneDelegate.swift */,
				880D826F274A1E8700231AEB /* ViewController.swift */,
				880D8271274A1E8700231AEB /* Main.storyboard */,
				5AD510F3274B8BE000E990DC /* SignUpPatientVC.swift */,
				5A35517F274F727600E976AC /* LoginPatientVC.swift */,
				5A355181274F732900E976AC /* LoginPharmacyVC.swift */,
				5AD510F1274B76E900E990DC /* MedicineVC.swift */,
				AC00E28C274AD4A0003630AF /* OrderDetailsCell.swift */,
				AC00E28D274AD4A0003630AF /* OrderDetailsCell.xib */,
				880D8277274A1E8900231AEB /* Assets.xcassets */,
				880D8279274A1E8900231AEB /* LaunchScreen.storyboard */,
				880D827C274A1E8900231AEB /* Info.plist */,
				880D8274274A1E8700231AEB /* dawaay.xcdatamodeld */,
			);
			path = dawaay;
			sourceTree = "<group>";
		};
/* End PBXGroup section */

/* Begin PBXNativeTarget section */
		880D8267274A1E8700231AEB /* dawaay */ = {
			isa = PBXNativeTarget;
			buildConfigurationList = 880D827F274A1E8900231AEB /* Build configuration list for PBXNativeTarget "dawaay" */;
			buildPhases = (
				880D8264274A1E8700231AEB /* Sources */,
				880D8265274A1E8700231AEB /* Frameworks */,
				880D8266274A1E8700231AEB /* Resources */,
			);
			buildRules = (
			);
			dependencies = (
			);
			name = dawaay;
			productName = dawaay;
			productReference = 880D8268274A1E8700231AEB /* dawaay.app */;
			productType = "com.apple.product-type.application";
		};
/* End PBXNativeTarget section */

/* Begin PBXProject section */
		880D8260274A1E8700231AEB /* Project object */ = {
			isa = PBXProject;
			attributes = {
				BuildIndependentTargetsInParallel = 1;
				LastSwiftUpdateCheck = 1300;
				LastUpgradeCheck = 1300;
				TargetAttributes = {
					880D8267274A1E8700231AEB = {
						CreatedOnToolsVersion = 13.0;
					};
				};
			};
			buildConfigurationList = 880D8263274A1E8700231AEB /* Build configuration list for PBXProject "dawaay" */;
			compatibilityVersion = "Xcode 13.0";
			developmentRegion = en;
			hasScannedForEncodings = 0;
			knownRegions = (
				en,
				Base,
			);
			mainGroup = 880D825F274A1E8700231AEB;
			productRefGroup = 880D8269274A1E8700231AEB /* Products */;
			projectDirPath = "";
			projectRoot = "";
			targets = (
				880D8267274A1E8700231AEB /* dawaay */,
			);
		};
/* End PBXProject section */

/* Begin PBXResourcesBuildPhase section */
		880D8266274A1E8700231AEB /* Resources */ = {
			isa = PBXResourcesBuildPhase;
			buildActionMask = 2147483647;
			files = (
				880D827B274A1E8900231AEB /* LaunchScreen.storyboard in Resources */,
				880D8278274A1E8900231AEB /* Assets.xcassets in Resources */,
				880D8273274A1E8700231AEB /* Main.storyboard in Resources */,
				AC00E28F274AD4A0003630AF /* OrderDetailsCell.xib in Resources */,
			);
			runOnlyForDeploymentPostprocessing = 0;
		};
/* End PBXResourcesBuildPhase section */

/* Begin PBXSourcesBuildPhase section */
		880D8264274A1E8700231AEB /* Sources */ = {
			isa = PBXSourcesBuildPhase;
			buildActionMask = 2147483647;
			files = (
				880D8270274A1E8700231AEB /* ViewController.swift in Sources */,
				880D826C274A1E8700231AEB /* AppDelegate.swift in Sources */,
				5A355188274F942200E976AC /* ShowOrderVC.swift in Sources */,
				5AD510F2274B76E900E990DC /* MedicineVC.swift in Sources */,
				5A355182274F732900E976AC /* LoginPharmacyVC.swift in Sources */,
				880D8276274A1E8700231AEB /* dawaay.xcdatamodeld in Sources */,
				8821E61A27501EC4006B961B /* ShowOrderView.swift in Sources */,
				AC00E28E274AD4A0003630AF /* OrderDetailsCell.swift in Sources */,
				881AC27B274FC8740044FBA2 /* PatientTable.swift in Sources */,
				5A355180274F727600E976AC /* LoginPatientVC.swift in Sources */,
				5AD510F4274B8BE000E990DC /* SignUpPatientVC.swift in Sources */,
				880D826E274A1E8700231AEB /* SceneDelegate.swift in Sources */,
			);
			runOnlyForDeploymentPostprocessing = 0;
		};
/* End PBXSourcesBuildPhase section */

/* Begin PBXVariantGroup section */
		880D8271274A1E8700231AEB /* Main.storyboard */ = {
			isa = PBXVariantGroup;
			children = (
				880D8272274A1E8700231AEB /* Base */,
			);
			name = Main.storyboard;
			sourceTree = "<group>";
		};
		880D8279274A1E8900231AEB /* LaunchScreen.storyboard */ = {
			isa = PBXVariantGroup;
			children = (
				880D827A274A1E8900231AEB /* Base */,
			);
			name = LaunchScreen.storyboard;
			sourceTree = "<group>";
		};
/* End PBXVariantGroup section */

/* Begin XCBuildConfiguration section */
		880D827D274A1E8900231AEB /* Debug */ = {
			isa = XCBuildConfiguration;
			buildSettings = {
				ALWAYS_SEARCH_USER_PATHS = NO;
				CLANG_ANALYZER_NONNULL = YES;
				CLANG_ANALYZER_NUMBER_OBJECT_CONVERSION = YES_AGGRESSIVE;
				CLANG_CXX_LANGUAGE_STANDARD = "gnu++17";
				CLANG_CXX_LIBRARY = "libc++";
				CLANG_ENABLE_MODULES = YES;
				CLANG_ENABLE_OBJC_ARC = YES;
				CLANG_ENABLE_OBJC_WEAK = YES;
				CLANG_WARN_BLOCK_CAPTURE_AUTORELEASING = YES;
				CLANG_WARN_BOOL_CONVERSION = YES;
				CLANG_WARN_COMMA = YES;
				CLANG_WARN_CONSTANT_CONVERSION = YES;
				CLANG_WARN_DEPRECATED_OBJC_IMPLEMENTATIONS = YES;
				CLANG_WARN_DIRECT_OBJC_ISA_USAGE = YES_ERROR;
				CLANG_WARN_DOCUMENTATION_COMMENTS = YES;
				CLANG_WARN_EMPTY_BODY = YES;
				CLANG_WARN_ENUM_CONVERSION = YES;
				CLANG_WARN_INFINITE_RECURSION = YES;
				CLANG_WARN_INT_CONVERSION = YES;
				CLANG_WARN_NON_LITERAL_NULL_CONVERSION = YES;
				CLANG_WARN_OBJC_IMPLICIT_RETAIN_SELF = YES;
				CLANG_WARN_OBJC_LITERAL_CONVERSION = YES;
				CLANG_WARN_OBJC_ROOT_CLASS = YES_ERROR;
				CLANG_WARN_QUOTED_INCLUDE_IN_FRAMEWORK_HEADER = YES;
				CLANG_WARN_RANGE_LOOP_ANALYSIS = YES;
				CLANG_WARN_STRICT_PROTOTYPES = YES;
				CLANG_WARN_SUSPICIOUS_MOVE = YES;
				CLANG_WARN_UNGUARDED_AVAILABILITY = YES_AGGRESSIVE;
				CLANG_WARN_UNREACHABLE_CODE = YES;
				CLANG_WARN__DUPLICATE_METHOD_MATCH = YES;
				COPY_PHASE_STRIP = NO;
				DEBUG_INFORMATION_FORMAT = dwarf;
				ENABLE_STRICT_OBJC_MSGSEND = YES;
				ENABLE_TESTABILITY = YES;
				GCC_C_LANGUAGE_STANDARD = gnu11;
				GCC_DYNAMIC_NO_PIC = NO;
				GCC_NO_COMMON_BLOCKS = YES;
				GCC_OPTIMIZATION_LEVEL = 0;
				GCC_PREPROCESSOR_DEFINITIONS = (
					"DEBUG=1",
					"$(inherited)",
				);
				GCC_WARN_64_TO_32_BIT_CONVERSION = YES;
				GCC_WARN_ABOUT_RETURN_TYPE = YES_ERROR;
				GCC_WARN_UNDECLARED_SELECTOR = YES;
				GCC_WARN_UNINITIALIZED_AUTOS = YES_AGGRESSIVE;
				GCC_WARN_UNUSED_FUNCTION = YES;
				GCC_WARN_UNUSED_VARIABLE = YES;
				IPHONEOS_DEPLOYMENT_TARGET = 14.0;
				MTL_ENABLE_DEBUG_INFO = INCLUDE_SOURCE;
				MTL_FAST_MATH = YES;
				ONLY_ACTIVE_ARCH = YES;
				SDKROOT = iphoneos;
				SWIFT_ACTIVE_COMPILATION_CONDITIONS = DEBUG;
				SWIFT_OPTIMIZATION_LEVEL = "-Onone";
			};
			name = Debug;
		};
		880D827E274A1E8900231AEB /* Release */ = {
			isa = XCBuildConfiguration;
			buildSettings = {
				ALWAYS_SEARCH_USER_PATHS = NO;
				CLANG_ANALYZER_NONNULL = YES;
				CLANG_ANALYZER_NUMBER_OBJECT_CONVERSION = YES_AGGRESSIVE;
				CLANG_CXX_LANGUAGE_STANDARD = "gnu++17";
				CLANG_CXX_LIBRARY = "libc++";
				CLANG_ENABLE_MODULES = YES;
				CLANG_ENABLE_OBJC_ARC = YES;
				CLANG_ENABLE_OBJC_WEAK = YES;
				CLANG_WARN_BLOCK_CAPTURE_AUTORELEASING = YES;
				CLANG_WARN_BOOL_CONVERSION = YES;
				CLANG_WARN_COMMA = YES;
				CLANG_WARN_CONSTANT_CONVERSION = YES;
				CLANG_WARN_DEPRECATED_OBJC_IMPLEMENTATIONS = YES;
				CLANG_WARN_DIRECT_OBJC_ISA_USAGE = YES_ERROR;
				CLANG_WARN_DOCUMENTATION_COMMENTS = YES;
				CLANG_WARN_EMPTY_BODY = YES;
				CLANG_WARN_ENUM_CONVERSION = YES;
				CLANG_WARN_INFINITE_RECURSION = YES;
				CLANG_WARN_INT_CONVERSION = YES;
				CLANG_WARN_NON_LITERAL_NULL_CONVERSION = YES;
				CLANG_WARN_OBJC_IMPLICIT_RETAIN_SELF = YES;
				CLANG_WARN_OBJC_LITERAL_CONVERSION = YES;
				CLANG_WARN_OBJC_ROOT_CLASS = YES_ERROR;
				CLANG_WARN_QUOTED_INCLUDE_IN_FRAMEWORK_HEADER = YES;
				CLANG_WARN_RANGE_LOOP_ANALYSIS = YES;
				CLANG_WARN_STRICT_PROTOTYPES = YES;
				CLANG_WARN_SUSPICIOUS_MOVE = YES;
				CLANG_WARN_UNGUARDED_AVAILABILITY = YES_AGGRESSIVE;
				CLANG_WARN_UNREACHABLE_CODE = YES;
				CLANG_WARN__DUPLICATE_METHOD_MATCH = YES;
				COPY_PHASE_STRIP = NO;
				DEBUG_INFORMATION_FORMAT = "dwarf-with-dsym";
				ENABLE_NS_ASSERTIONS = NO;
				ENABLE_STRICT_OBJC_MSGSEND = YES;
				GCC_C_LANGUAGE_STANDARD = gnu11;
				GCC_NO_COMMON_BLOCKS = YES;
				GCC_WARN_64_TO_32_BIT_CONVERSION = YES;
				GCC_WARN_ABOUT_RETURN_TYPE = YES_ERROR;
				GCC_WARN_UNDECLARED_SELECTOR = YES;
				GCC_WARN_UNINITIALIZED_AUTOS = YES_AGGRESSIVE;
				GCC_WARN_UNUSED_FUNCTION = YES;
				GCC_WARN_UNUSED_VARIABLE = YES;
				IPHONEOS_DEPLOYMENT_TARGET = 14.0;
				MTL_ENABLE_DEBUG_INFO = NO;
				MTL_FAST_MATH = YES;
				SDKROOT = iphoneos;
				SWIFT_COMPILATION_MODE = wholemodule;
				SWIFT_OPTIMIZATION_LEVEL = "-O";
				VALIDATE_PRODUCT = YES;
			};
			name = Release;
		};
		880D8280274A1E8900231AEB /* Debug */ = {
			isa = XCBuildConfiguration;
			buildSettings = {
				ASSETCATALOG_COMPILER_APPICON_NAME = AppIcon;
				ASSETCATALOG_COMPILER_GLOBAL_ACCENT_COLOR_NAME = AccentColor;
				CODE_SIGN_STYLE = Automatic;
				CURRENT_PROJECT_VERSION = 1;
				DEVELOPMENT_TEAM = LK3PZ28UMW;
				GENERATE_INFOPLIST_FILE = YES;
				INFOPLIST_FILE = dawaay/Info.plist;
				INFOPLIST_KEY_NSCameraUsageDescription = camera;
				INFOPLIST_KEY_UIApplicationSupportsIndirectInputEvents = YES;
				INFOPLIST_KEY_UILaunchStoryboardName = LaunchScreen;
				INFOPLIST_KEY_UIMainStoryboardFile = Main;
				INFOPLIST_KEY_UISupportedInterfaceOrientations_iPad = "UIInterfaceOrientationPortrait UIInterfaceOrientationPortraitUpsideDown UIInterfaceOrientationLandscapeLeft UIInterfaceOrientationLandscapeRight";
				INFOPLIST_KEY_UISupportedInterfaceOrientations_iPhone = "UIInterfaceOrientationPortrait UIInterfaceOrientationLandscapeLeft UIInterfaceOrientationLandscapeRight";
				IPHONEOS_DEPLOYMENT_TARGET = 14.0;
				LD_RUNPATH_SEARCH_PATHS = (
					"$(inherited)",
					"@executable_path/Frameworks",
				);
				MARKETING_VERSION = 1.0;
				PRODUCT_BUNDLE_IDENTIFIER = Mohammad.Alsharif.dawaay;
				PRODUCT_NAME = "$(TARGET_NAME)";
				SWIFT_EMIT_LOC_STRINGS = YES;
				SWIFT_VERSION = 5.0;
				TARGETED_DEVICE_FAMILY = "1,2";
			};
			name = Debug;
		};
		880D8281274A1E8900231AEB /* Release */ = {
			isa = XCBuildConfiguration;
			buildSettings = {
				ASSETCATALOG_COMPILER_APPICON_NAME = AppIcon;
				ASSETCATALOG_COMPILER_GLOBAL_ACCENT_COLOR_NAME = AccentColor;
				CODE_SIGN_STYLE = Automatic;
				CURRENT_PROJECT_VERSION = 1;
				DEVELOPMENT_TEAM = LK3PZ28UMW;
				GENERATE_INFOPLIST_FILE = YES;
				INFOPLIST_FILE = dawaay/Info.plist;
				INFOPLIST_KEY_NSCameraUsageDescription = camera;
				INFOPLIST_KEY_UIApplicationSupportsIndirectInputEvents = YES;
				INFOPLIST_KEY_UILaunchStoryboardName = LaunchScreen;
				INFOPLIST_KEY_UIMainStoryboardFile = Main;
				INFOPLIST_KEY_UISupportedInterfaceOrientations_iPad = "UIInterfaceOrientationPortrait UIInterfaceOrientationPortraitUpsideDown UIInterfaceOrientationLandscapeLeft UIInterfaceOrientationLandscapeRight";
				INFOPLIST_KEY_UISupportedInterfaceOrientations_iPhone = "UIInterfaceOrientationPortrait UIInterfaceOrientationLandscapeLeft UIInterfaceOrientationLandscapeRight";
				IPHONEOS_DEPLOYMENT_TARGET = 14.0;
				LD_RUNPATH_SEARCH_PATHS = (
					"$(inherited)",
					"@executable_path/Frameworks",
				);
				MARKETING_VERSION = 1.0;
				PRODUCT_BUNDLE_IDENTIFIER = Mohammad.Alsharif.dawaay;
				PRODUCT_NAME = "$(TARGET_NAME)";
				SWIFT_EMIT_LOC_STRINGS = YES;
				SWIFT_VERSION = 5.0;
				TARGETED_DEVICE_FAMILY = "1,2";
			};
			name = Release;
		};
/* End XCBuildConfiguration section */

/* Begin XCConfigurationList section */
		880D8263274A1E8700231AEB /* Build configuration list for PBXProject "dawaay" */ = {
			isa = XCConfigurationList;
			buildConfigurations = (
				880D827D274A1E8900231AEB /* Debug */,
				880D827E274A1E8900231AEB /* Release */,
			);
			defaultConfigurationIsVisible = 0;
			defaultConfigurationName = Release;
		};
		880D827F274A1E8900231AEB /* Build configuration list for PBXNativeTarget "dawaay" */ = {
			isa = XCConfigurationList;
			buildConfigurations = (
				880D8280274A1E8900231AEB /* Debug */,
				880D8281274A1E8900231AEB /* Release */,
			);
			defaultConfigurationIsVisible = 0;
			defaultConfigurationName = Release;
		};
/* End XCConfigurationList section */

/* Begin XCVersionGroup section */
		880D8274274A1E8700231AEB /* dawaay.xcdatamodeld */ = {
			isa = XCVersionGroup;
			children = (
				880D8275274A1E8700231AEB /* dawaay.xcdatamodel */,
			);
			currentVersion = 880D8275274A1E8700231AEB /* dawaay.xcdatamodel */;
			path = dawaay.xcdatamodeld;
			sourceTree = "<group>";
			versionGroupType = wrapper.xcdatamodel;
		};
/* End XCVersionGroup section */
	};
	rootObject = 880D8260274A1E8700231AEB /* Project object */;
}
